{
    "hash": "1350b672ef2fc5723334092cb18c3bca",
    "packages": [
        {
            "package": "justinrainbow/json-schema",
            "version": "1.1.0"
        },
        {
            "package": "seld/jsonlint",
            "version": "1.0.0"
        },
        {
            "package": "symfony/console",
            "version": "dev-master",
            "source-reference": "1edd7b739561e87bde81ff1c2ce08bd89e92277e",
            "alias-pretty-version": "2.1.x-dev",
            "alias-version": "2.1.9999999.9999999-dev"
        },
        {
            "package": "symfony/console",
            "version": "dev-master",
            "source-reference": "1edd7b739561e87bde81ff1c2ce08bd89e92277e"
        },
        {
            "package": "symfony/finder",
            "version": "dev-master",
            "source-reference": "a2cef64d5072b284b671ee8e06b8ebc38c2969e1",
            "alias-pretty-version": "2.1.x-dev",
            "alias-version": "2.1.9999999.9999999-dev"
        },
        {
            "package": "symfony/finder",
            "version": "dev-master",
            "source-reference": "a2cef64d5072b284b671ee8e06b8ebc38c2969e1"
        },
        {
            "package": "symfony/process",
            "version": "dev-master",
            "source-reference": "106f2db51cecf2fe5ee59e428b8f4a918c4034fa",
            "alias-pretty-version": "2.1.x-dev",
            "alias-version": "2.1.9999999.9999999-dev"
        },
        {
            "package": "symfony/process",
            "version": "dev-master",
            "source-reference": "106f2db51cecf2fe5ee59e428b8f4a918c4034fa"
        }
    ],
    "packages-dev": null,
    "aliases": [

    ],
    "minimum-stability": "dev",
    "stability-flags": [

    ]
}
